# This file is automatically @generated by Cargo.
# It is not intended for manual editing.
version = 3

[[package]]
name = "text_io"
version = "0.1.12"
source = "git+https://github.com/Genius1512/rust_text_io.git#cb94dd60ed85a4ed2e1d50fb7c22bfb9d1292f6c"

[[package]]
name = "tictactoe"
version = "0.1.0"
dependencies = [
 "text_io",
]
